
Microsoft Visual Studio Solution File, Format Version 12.00
# Visual Studio Version 16
VisualStudioVersion = 16.0.31729.503
MinimumVisualStudioVersion = 10.0.40219.1
Project("{FAE04EC0-301F-11D3-BF4B-00C04F79EFBC}") = "helloCodeQl", "helloCodeQl\helloCodeQl.csproj", "{651033AD-37DA-4BE8-819A-E52E8127F665}"
EndProject
Global
	GlobalSection(SolutionConfigurationPlatforms) = preSolution
		Debug|Any CPU = Debug|Any CPU
		Release|Any CPU = Release|Any CPU
	EndGlobalSection
	GlobalSection(ProjectConfigurationPlatforms) = postSolution
		{651033AD-37DA-4BE8-819A-E52E8127F665}.Debug|Any CPU.ActiveCfg = Debug|Any CPU
		{651033AD-37DA-4BE8-819A-E52E8127F665}.Debug|Any CPU.Build.0 = Debug|Any CPU
		{651033AD-37DA-4BE8-819A-E52E8127F665}.Release|Any CPU.ActiveCfg = Release|Any CPU
		{651033AD-37DA-4BE8-819A-E52E8127F665}.Release|Any CPU.Build.0 = Release|Any CPU
	EndGlobalSection
	GlobalSection(SolutionProperties) = preSolution
		HideSolutionNode = FALSE
	EndGlobalSection
	GlobalSection(ExtensibilityGlobals) = postSolution
		SolutionGuid = {842F0B75-9D31-4799-AC3E-159D3F6BA8D7}
	EndGlobalSection
EndGlobal
